
Microsoft Visual Studio Solution File, Format Version 12.00
# Visual Studio Version 17
VisualStudioVersion = 17.2.32630.192
MinimumVisualStudioVersion = 10.0.40219.1
Project("{FAE04EC0-301F-11D3-BF4B-00C04F79EFBC}") = "Logica", "Logica\Logica.csproj", "{74D558A6-9BFF-40C3-BBA3-79CF9165B3B7}"
EndProject
Global
	GlobalSection(SolutionConfigurationPlatforms) = preSolution
		Debug|Any CPU = Debug|Any CPU
		Release|Any CPU = Release|Any CPU
	EndGlobalSection
	GlobalSection(ProjectConfigurationPlatforms) = postSolution
		{74D558A6-9BFF-40C3-BBA3-79CF9165B3B7}.Debug|Any CPU.ActiveCfg = Debug|Any CPU
		{74D558A6-9BFF-40C3-BBA3-79CF9165B3B7}.Debug|Any CPU.Build.0 = Debug|Any CPU
		{74D558A6-9BFF-40C3-BBA3-79CF9165B3B7}.Release|Any CPU.ActiveCfg = Release|Any CPU
		{74D558A6-9BFF-40C3-BBA3-79CF9165B3B7}.Release|Any CPU.Build.0 = Release|Any CPU
	EndGlobalSection
	GlobalSection(SolutionProperties) = preSolution
		HideSolutionNode = FALSE
	EndGlobalSection
	GlobalSection(ExtensibilityGlobals) = postSolution
		SolutionGuid = {A04E6DA2-5CDB-4915-80F2-204A721147C3}
	EndGlobalSection
EndGlobal
